
Microsoft Visual Studio Solution File, Format Version 12.00
# Visual Studio Version 17
VisualStudioVersion = 17.0.31903.59
MinimumVisualStudioVersion = 10.0.40219.1
Project("{FAE04EC0-301F-11D3-BF4B-00C04F79EFBC}") = "Backend", "Backend\Backend.csproj", "{4388F863-F203-494E-8D74-F2E20FBF5CBF}"
EndProject
Project("{FAE04EC0-301F-11D3-BF4B-00C04F79EFBC}") = "LoadBalancer.API", "LoadBalancer\LoadBalancer.API.csproj", "{916CFF22-BB99-45A5-84D6-89E5963B3D58}"
EndProject
Project("{FAE04EC0-301F-11D3-BF4B-00C04F79EFBC}") = "LoadBalancer.IntegrationTests", "LoadBalancer.IntegrationTests\LoadBalancer.IntegrationTests.csproj", "{07930433-8BD1-4C5A-AEA6-244652430569}"
EndProject
Global
	GlobalSection(SolutionConfigurationPlatforms) = preSolution
		Debug|Any CPU = Debug|Any CPU
		Debug|x64 = Debug|x64
		Debug|x86 = Debug|x86
		Release|Any CPU = Release|Any CPU
		Release|x64 = Release|x64
		Release|x86 = Release|x86
	EndGlobalSection
	GlobalSection(ProjectConfigurationPlatforms) = postSolution
		{4388F863-F203-494E-8D74-F2E20FBF5CBF}.Debug|Any CPU.ActiveCfg = Debug|Any CPU
		{4388F863-F203-494E-8D74-F2E20FBF5CBF}.Debug|Any CPU.Build.0 = Debug|Any CPU
		{4388F863-F203-494E-8D74-F2E20FBF5CBF}.Debug|x64.ActiveCfg = Debug|Any CPU
		{4388F863-F203-494E-8D74-F2E20FBF5CBF}.Debug|x64.Build.0 = Debug|Any CPU
		{4388F863-F203-494E-8D74-F2E20FBF5CBF}.Debug|x86.ActiveCfg = Debug|Any CPU
		{4388F863-F203-494E-8D74-F2E20FBF5CBF}.Debug|x86.Build.0 = Debug|Any CPU
		{4388F863-F203-494E-8D74-F2E20FBF5CBF}.Release|Any CPU.ActiveCfg = Release|Any CPU
		{4388F863-F203-494E-8D74-F2E20FBF5CBF}.Release|Any CPU.Build.0 = Release|Any CPU
		{4388F863-F203-494E-8D74-F2E20FBF5CBF}.Release|x64.ActiveCfg = Release|Any CPU
		{4388F863-F203-494E-8D74-F2E20FBF5CBF}.Release|x64.Build.0 = Release|Any CPU
		{4388F863-F203-494E-8D74-F2E20FBF5CBF}.Release|x86.ActiveCfg = Release|Any CPU
		{4388F863-F203-494E-8D74-F2E20FBF5CBF}.Release|x86.Build.0 = Release|Any CPU
		{916CFF22-BB99-45A5-84D6-89E5963B3D58}.Debug|Any CPU.ActiveCfg = Debug|Any CPU
		{916CFF22-BB99-45A5-84D6-89E5963B3D58}.Debug|Any CPU.Build.0 = Debug|Any CPU
		{916CFF22-BB99-45A5-84D6-89E5963B3D58}.Debug|x64.ActiveCfg = Debug|Any CPU
		{916CFF22-BB99-45A5-84D6-89E5963B3D58}.Debug|x64.Build.0 = Debug|Any CPU
		{916CFF22-BB99-45A5-84D6-89E5963B3D58}.Debug|x86.ActiveCfg = Debug|Any CPU
		{916CFF22-BB99-45A5-84D6-89E5963B3D58}.Debug|x86.Build.0 = Debug|Any CPU
		{916CFF22-BB99-45A5-84D6-89E5963B3D58}.Release|Any CPU.ActiveCfg = Release|Any CPU
		{916CFF22-BB99-45A5-84D6-89E5963B3D58}.Release|Any CPU.Build.0 = Release|Any CPU
		{916CFF22-BB99-45A5-84D6-89E5963B3D58}.Release|x64.ActiveCfg = Release|Any CPU
		{916CFF22-BB99-45A5-84D6-89E5963B3D58}.Release|x64.Build.0 = Release|Any CPU
		{916CFF22-BB99-45A5-84D6-89E5963B3D58}.Release|x86.ActiveCfg = Release|Any CPU
		{916CFF22-BB99-45A5-84D6-89E5963B3D58}.Release|x86.Build.0 = Release|Any CPU
		{07930433-8BD1-4C5A-AEA6-244652430569}.Debug|Any CPU.ActiveCfg = Debug|Any CPU
		{07930433-8BD1-4C5A-AEA6-244652430569}.Debug|Any CPU.Build.0 = Debug|Any CPU
		{07930433-8BD1-4C5A-AEA6-244652430569}.Debug|x64.ActiveCfg = Debug|Any CPU
		{07930433-8BD1-4C5A-AEA6-244652430569}.Debug|x64.Build.0 = Debug|Any CPU
		{07930433-8BD1-4C5A-AEA6-244652430569}.Debug|x86.ActiveCfg = Debug|Any CPU
		{07930433-8BD1-4C5A-AEA6-244652430569}.Debug|x86.Build.0 = Debug|Any CPU
		{07930433-8BD1-4C5A-AEA6-244652430569}.Release|Any CPU.ActiveCfg = Release|Any CPU
		{07930433-8BD1-4C5A-AEA6-244652430569}.Release|Any CPU.Build.0 = Release|Any CPU
		{07930433-8BD1-4C5A-AEA6-244652430569}.Release|x64.ActiveCfg = Release|Any CPU
		{07930433-8BD1-4C5A-AEA6-244652430569}.Release|x64.Build.0 = Release|Any CPU
		{07930433-8BD1-4C5A-AEA6-244652430569}.Release|x86.ActiveCfg = Release|Any CPU
		{07930433-8BD1-4C5A-AEA6-244652430569}.Release|x86.Build.0 = Release|Any CPU
	EndGlobalSection
	GlobalSection(SolutionProperties) = preSolution
		HideSolutionNode = FALSE
	EndGlobalSection
EndGlobal
