
Microsoft Visual Studio Solution File, Format Version 12.00
# Visual Studio Version 17
VisualStudioVersion = 17.12.35527.113 d17.12
MinimumVisualStudioVersion = 10.0.40219.1
Project("{FAE04EC0-301F-11D3-BF4B-00C04F79EFBC}") = "Load_Balancer.API", "Load_Balancer.API.csproj", "{FB3E112E-C609-430C-BA45-D7A54431B7BA}"
EndProject
Project("{FAE04EC0-301F-11D3-BF4B-00C04F79EFBC}") = "Some_Server", "..\Some_Server\Some_Server.csproj", "{17B9DE6A-9AAF-44AB-BDB1-C74A6CA1FAC2}"
EndProject
Global
	GlobalSection(SolutionConfigurationPlatforms) = preSolution
		Debug|Any CPU = Debug|Any CPU
		Release|Any CPU = Release|Any CPU
	EndGlobalSection
	GlobalSection(ProjectConfigurationPlatforms) = postSolution
		{FB3E112E-C609-430C-BA45-D7A54431B7BA}.Debug|Any CPU.ActiveCfg = Debug|Any CPU
		{FB3E112E-C609-430C-BA45-D7A54431B7BA}.Debug|Any CPU.Build.0 = Debug|Any CPU
		{FB3E112E-C609-430C-BA45-D7A54431B7BA}.Release|Any CPU.ActiveCfg = Release|Any CPU
		{FB3E112E-C609-430C-BA45-D7A54431B7BA}.Release|Any CPU.Build.0 = Release|Any CPU
		{17B9DE6A-9AAF-44AB-BDB1-C74A6CA1FAC2}.Debug|Any CPU.ActiveCfg = Debug|Any CPU
		{17B9DE6A-9AAF-44AB-BDB1-C74A6CA1FAC2}.Debug|Any CPU.Build.0 = Debug|Any CPU
		{17B9DE6A-9AAF-44AB-BDB1-C74A6CA1FAC2}.Release|Any CPU.ActiveCfg = Release|Any CPU
		{17B9DE6A-9AAF-44AB-BDB1-C74A6CA1FAC2}.Release|Any CPU.Build.0 = Release|Any CPU
	EndGlobalSection
	GlobalSection(SolutionProperties) = preSolution
		HideSolutionNode = FALSE
	EndGlobalSection
EndGlobal
